// !$*UTF8*$!
{
	archiveVersion = 1;
	classes = {
	};
	objectVersion = 55;
	objects = {

/* Begin PBXBuildFile section */
		358BE0632799674D00CA53C8 /* ToDoCell.swift in Sources */ = {isa = PBXBuildFile; fileRef = 358BE0622799674D00CA53C8 /* ToDoCell.swift */; };
		35BC1AB027C261B500E11EC6 /* ToDoController.swift in Sources */ = {isa = PBXBuildFile; fileRef = 35BC1AAF27C261B500E11EC6 /* ToDoController.swift */; };
		35BC1AB327C2931900E11EC6 /* DataFormatter+Extension.swift in Sources */ = {isa = PBXBuildFile; fileRef = 35BC1AB227C2931900E11EC6 /* DataFormatter+Extension.swift */; };
		35D182B327621E4F003E72BC /* AppDelegate.swift in Sources */ = {isa = PBXBuildFile; fileRef = 35D182B227621E4F003E72BC /* AppDelegate.swift */; };
		35D182B527621E4F003E72BC /* SceneDelegate.swift in Sources */ = {isa = PBXBuildFile; fileRef = 35D182B427621E4F003E72BC /* SceneDelegate.swift */; };
		35D182B727621E4F003E72BC /* ToDoTableViewController.swift in Sources */ = {isa = PBXBuildFile; fileRef = 35D182B627621E4F003E72BC /* ToDoTableViewController.swift */; };
		35D182BA27621E4F003E72BC /* Main.storyboard in Resources */ = {isa = PBXBuildFile; fileRef = 35D182B827621E4F003E72BC /* Main.storyboard */; };
		35D182BC27621E51003E72BC /* Assets.xcassets in Resources */ = {isa = PBXBuildFile; fileRef = 35D182BB27621E51003E72BC /* Assets.xcassets */; };
		35D182BF27621E51003E72BC /* LaunchScreen.storyboard in Resources */ = {isa = PBXBuildFile; fileRef = 35D182BD27621E51003E72BC /* LaunchScreen.storyboard */; };
		35D182C7276229F1003E72BC /* ToDo.swift in Sources */ = {isa = PBXBuildFile; fileRef = 35D182C6276229F1003E72BC /* ToDo.swift */; };
		35FF1948276B550A002ECFC5 /* ToDoDetailTableViewController.swift in Sources */ = {isa = PBXBuildFile; fileRef = 35FF1947276B550A002ECFC5 /* ToDoDetailTableViewController.swift */; };
/* End PBXBuildFile section */

/* Begin PBXFileReference section */
		358BE0622799674D00CA53C8 /* ToDoCell.swift */ = {isa = PBXFileReference; lastKnownFileType = sourcecode.swift; path = ToDoCell.swift; sourceTree = "<group>"; };
		35BC1AAF27C261B500E11EC6 /* ToDoController.swift */ = {isa = PBXFileReference; lastKnownFileType = sourcecode.swift; path = ToDoController.swift; sourceTree = "<group>"; };
		35BC1AB227C2931900E11EC6 /* DataFormatter+Extension.swift */ = {isa = PBXFileReference; lastKnownFileType = sourcecode.swift; path = "DataFormatter+Extension.swift"; sourceTree = "<group>"; };
		35D182AF27621E4F003E72BC /* ToDO.app */ = {isa = PBXFileReference; explicitFileType = wrapper.application; includeInIndex = 0; path = ToDO.app; sourceTree = BUILT_PRODUCTS_DIR; };
		35D182B227621E4F003E72BC /* AppDelegate.swift */ = {isa = PBXFileReference; lastKnownFileType = sourcecode.swift; path = AppDelegate.swift; sourceTree = "<group>"; };
		35D182B427621E4F003E72BC /* SceneDelegate.swift */ = {isa = PBXFileReference; lastKnownFileType = sourcecode.swift; path = SceneDelegate.swift; sourceTree = "<group>"; };
		35D182B627621E4F003E72BC /* ToDoTableViewController.swift */ = {isa = PBXFileReference; lastKnownFileType = sourcecode.swift; path = ToDoTableViewController.swift; sourceTree = "<group>"; };
		35D182B927621E4F003E72BC /* Base */ = {isa = PBXFileReference; lastKnownFileType = file.storyboard; name = Base; path = Base.lproj/Main.storyboard; sourceTree = "<group>"; };
		35D182BB27621E51003E72BC /* Assets.xcassets */ = {isa = PBXFileReference; lastKnownFileType = folder.assetcatalog; path = Assets.xcassets; sourceTree = "<group>"; };
		35D182BE27621E51003E72BC /* Base */ = {isa = PBXFileReference; lastKnownFileType = file.storyboard; name = Base; path = Base.lproj/LaunchScreen.storyboard; sourceTree = "<group>"; };
		35D182C027621E51003E72BC /* Info.plist */ = {isa = PBXFileReference; lastKnownFileType = text.plist.xml; path = Info.plist; sourceTree = "<group>"; };
		35D182C6276229F1003E72BC /* ToDo.swift */ = {isa = PBXFileReference; lastKnownFileType = sourcecode.swift; path = ToDo.swift; sourceTree = "<group>"; };
		35FF1947276B550A002ECFC5 /* ToDoDetailTableViewController.swift */ = {isa = PBXFileReference; lastKnownFileType = sourcecode.swift; path = ToDoDetailTableViewController.swift; sourceTree = "<group>"; };
/* End PBXFileReference section */

/* Begin PBXFrameworksBuildPhase section */
		35D182AC27621E4F003E72BC /* Frameworks */ = {
			isa = PBXFrameworksBuildPhase;
			buildActionMask = 2147483647;
			files = (
			);
			runOnlyForDeploymentPostprocessing = 0;
		};
/* End PBXFrameworksBuildPhase section */

/* Begin PBXGroup section */
		358BE0602799663B00CA53C8 /* Model */ = {
			isa = PBXGroup;
			children = (
				35D182C6276229F1003E72BC /* ToDo.swift */,
			);
			path = Model;
			sourceTree = "<group>";
		};
		358BE0612799665200CA53C8 /* ViewController */ = {
			isa = PBXGroup;
			children = (
				35D182B627621E4F003E72BC /* ToDoTableViewController.swift */,
				35FF1947276B550A002ECFC5 /* ToDoDetailTableViewController.swift */,
			);
			path = ViewController;
			sourceTree = "<group>";
		};
		35BC1AAE27C2611200E11EC6 /* Controller */ = {
			isa = PBXGroup;
			children = (
				35BC1AAF27C261B500E11EC6 /* ToDoController.swift */,
			);
			path = Controller;
			sourceTree = "<group>";
		};
		35BC1AB127C292D400E11EC6 /* Extensions */ = {
			isa = PBXGroup;
			children = (
				35BC1AB227C2931900E11EC6 /* DataFormatter+Extension.swift */,
			);
			path = Extensions;
			sourceTree = "<group>";
		};
		35D182A627621E4F003E72BC = {
			isa = PBXGroup;
			children = (
				35D182B127621E4F003E72BC /* ToDO */,
				35D182B027621E4F003E72BC /* Products */,
			);
			sourceTree = "<group>";
		};
		35D182B027621E4F003E72BC /* Products */ = {
			isa = PBXGroup;
			children = (
				35D182AF27621E4F003E72BC /* ToDO.app */,
			);
			name = Products;
			sourceTree = "<group>";
		};
		35D182B127621E4F003E72BC /* ToDO */ = {
			isa = PBXGroup;
			children = (
				35BC1AB127C292D400E11EC6 /* Extensions */,
				35BC1AAE27C2611200E11EC6 /* Controller */,
				35D182B227621E4F003E72BC /* AppDelegate.swift */,
				35D182B427621E4F003E72BC /* SceneDelegate.swift */,
				35DC8EC427998AF70028BD83 /* Cell */,
				358BE0602799663B00CA53C8 /* Model */,
				358BE0612799665200CA53C8 /* ViewController */,
				35D182B827621E4F003E72BC /* Main.storyboard */,
				35D182BB27621E51003E72BC /* Assets.xcassets */,
				35D182BD27621E51003E72BC /* LaunchScreen.storyboard */,
				35D182C027621E51003E72BC /* Info.plist */,
			);
			path = ToDO;
			sourceTree = "<group>";
		};
		35DC8EC427998AF70028BD83 /* Cell */ = {
			isa = PBXGroup;
			children = (
				358BE0622799674D00CA53C8 /* ToDoCell.swift */,
			);
			path = Cell;
			sourceTree = "<group>";
		};
/* End PBXGroup section */

/* Begin PBXNativeTarget section */
		35D182AE27621E4F003E72BC /* ToDO */ = {
			isa = PBXNativeTarget;
			buildConfigurationList = 35D182C327621E51003E72BC /* Build configuration list for PBXNativeTarget "ToDO" */;
			buildPhases = (
				35D182AB27621E4F003E72BC /* Sources */,
				35D182AC27621E4F003E72BC /* Frameworks */,
				35D182AD27621E4F003E72BC /* Resources */,
			);
			buildRules = (
			);
			dependencies = (
			);
			name = ToDO;
			productName = ToDO;
			productReference = 35D182AF27621E4F003E72BC /* ToDO.app */;
			productType = "com.apple.product-type.application";
		};
/* End PBXNativeTarget section */

/* Begin PBXProject section */
		35D182A727621E4F003E72BC /* Project object */ = {
			isa = PBXProject;
			attributes = {
				BuildIndependentTargetsInParallel = 1;
				LastSwiftUpdateCheck = 1310;
				LastUpgradeCheck = 1310;
				TargetAttributes = {
					35D182AE27621E4F003E72BC = {
						CreatedOnToolsVersion = 13.1;
					};
				};
			};
			buildConfigurationList = 35D182AA27621E4F003E72BC /* Build configuration list for PBXProject "ToDO" */;
			compatibilityVersion = "Xcode 13.0";
			developmentRegion = en;
			hasScannedForEncodings = 0;
			knownRegions = (
				en,
				Base,
			);
			mainGroup = 35D182A627621E4F003E72BC;
			productRefGroup = 35D182B027621E4F003E72BC /* Products */;
			projectDirPath = "";
			projectRoot = "";
			targets = (
				35D182AE27621E4F003E72BC /* ToDO */,
			);
		};
/* End PBXProject section */

/* Begin PBXResourcesBuildPhase section */
		35D182AD27621E4F003E72BC /* Resources */ = {
			isa = PBXResourcesBuildPhase;
			buildActionMask = 2147483647;
			files = (
				35D182BF27621E51003E72BC /* LaunchScreen.storyboard in Resources */,
				35D182BC27621E51003E72BC /* Assets.xcassets in Resources */,
				35D182BA27621E4F003E72BC /* Main.storyboard in Resources */,
			);
			runOnlyForDeploymentPostprocessing = 0;
		};
/* End PBXResourcesBuildPhase section */

/* Begin PBXSourcesBuildPhase section */
		35D182AB27621E4F003E72BC /* Sources */ = {
			isa = PBXSourcesBuildPhase;
			buildActionMask = 2147483647;
			files = (
				35D182B727621E4F003E72BC /* ToDoTableViewController.swift in Sources */,
				358BE0632799674D00CA53C8 /* ToDoCell.swift in Sources */,
				35FF1948276B550A002ECFC5 /* ToDoDetailTableViewController.swift in Sources */,
				35D182B327621E4F003E72BC /* AppDelegate.swift in Sources */,
				35D182B527621E4F003E72BC /* SceneDelegate.swift in Sources */,
				35BC1AB027C261B500E11EC6 /* ToDoController.swift in Sources */,
				35BC1AB327C2931900E11EC6 /* DataFormatter+Extension.swift in Sources */,
				35D182C7276229F1003E72BC /* ToDo.swift in Sources */,
			);
			runOnlyForDeploymentPostprocessing = 0;
		};
/* End PBXSourcesBuildPhase section */

/* Begin PBXVariantGroup section */
		35D182B827621E4F003E72BC /* Main.storyboard */ = {
			isa = PBXVariantGroup;
			children = (
				35D182B927621E4F003E72BC /* Base */,
			);
			name = Main.storyboard;
			sourceTree = "<group>";
		};
		35D182BD27621E51003E72BC /* LaunchScreen.storyboard */ = {
			isa = PBXVariantGroup;
			children = (
				35D182BE27621E51003E72BC /* Base */,
			);
			name = LaunchScreen.storyboard;
			sourceTree = "<group>";
		};
/* End PBXVariantGroup section */

/* Begin XCBuildConfiguration section */
		35D182C127621E51003E72BC /* Debug */ = {
			isa = XCBuildConfiguration;
			buildSettings = {
				ALWAYS_SEARCH_USER_PATHS = NO;
				CLANG_ANALYZER_NONNULL = YES;
				CLANG_ANALYZER_NUMBER_OBJECT_CONVERSION = YES_AGGRESSIVE;
				CLANG_CXX_LANGUAGE_STANDARD = "gnu++17";
				CLANG_CXX_LIBRARY = "libc++";
				CLANG_ENABLE_MODULES = YES;
				CLANG_ENABLE_OBJC_ARC = YES;
				CLANG_ENABLE_OBJC_WEAK = YES;
				CLANG_WARN_BLOCK_CAPTURE_AUTORELEASING = YES;
				CLANG_WARN_BOOL_CONVERSION = YES;
				CLANG_WARN_COMMA = YES;
				CLANG_WARN_CONSTANT_CONVERSION = YES;
				CLANG_WARN_DEPRECATED_OBJC_IMPLEMENTATIONS = YES;
				CLANG_WARN_DIRECT_OBJC_ISA_USAGE = YES_ERROR;
				CLANG_WARN_DOCUMENTATION_COMMENTS = YES;
				CLANG_WARN_EMPTY_BODY = YES;
				CLANG_WARN_ENUM_CONVERSION = YES;
				CLANG_WARN_INFINITE_RECURSION = YES;
				CLANG_WARN_INT_CONVERSION = YES;
				CLANG_WARN_NON_LITERAL_NULL_CONVERSION = YES;
				CLANG_WARN_OBJC_IMPLICIT_RETAIN_SELF = YES;
				CLANG_WARN_OBJC_LITERAL_CONVERSION = YES;
				CLANG_WARN_OBJC_ROOT_CLASS = YES_ERROR;
				CLANG_WARN_QUOTED_INCLUDE_IN_FRAMEWORK_HEADER = YES;
				CLANG_WARN_RANGE_LOOP_ANALYSIS = YES;
				CLANG_WARN_STRICT_PROTOTYPES = YES;
				CLANG_WARN_SUSPICIOUS_MOVE = YES;
				CLANG_WARN_UNGUARDED_AVAILABILITY = YES_AGGRESSIVE;
				CLANG_WARN_UNREACHABLE_CODE = YES;
				CLANG_WARN__DUPLICATE_METHOD_MATCH = YES;
				COPY_PHASE_STRIP = NO;
				DEBUG_INFORMATION_FORMAT = dwarf;
				ENABLE_STRICT_OBJC_MSGSEND = YES;
				ENABLE_TESTABILITY = YES;
				GCC_C_LANGUAGE_STANDARD = gnu11;
				GCC_DYNAMIC_NO_PIC = NO;
				GCC_NO_COMMON_BLOCKS = YES;
				GCC_OPTIMIZATION_LEVEL = 0;
				GCC_PREPROCESSOR_DEFINITIONS = (
					"DEBUG=1",
					"$(inherited)",
				);
				GCC_WARN_64_TO_32_BIT_CONVERSION = YES;
				GCC_WARN_ABOUT_RETURN_TYPE = YES_ERROR;
				GCC_WARN_UNDECLARED_SELECTOR = YES;
				GCC_WARN_UNINITIALIZED_AUTOS = YES_AGGRESSIVE;
				GCC_WARN_UNUSED_FUNCTION = YES;
				GCC_WARN_UNUSED_VARIABLE = YES;
				IPHONEOS_DEPLOYMENT_TARGET = 15.0;
				MTL_ENABLE_DEBUG_INFO = INCLUDE_SOURCE;
				MTL_FAST_MATH = YES;
				ONLY_ACTIVE_ARCH = YES;
				SDKROOT = iphoneos;
				SWIFT_ACTIVE_COMPILATION_CONDITIONS = DEBUG;
				SWIFT_OPTIMIZATION_LEVEL = "-Onone";
			};
			name = Debug;
		};
		35D182C227621E51003E72BC /* Release */ = {
			isa = XCBuildConfiguration;
			buildSettings = {
				ALWAYS_SEARCH_USER_PATHS = NO;
				CLANG_ANALYZER_NONNULL = YES;
				CLANG_ANALYZER_NUMBER_OBJECT_CONVERSION = YES_AGGRESSIVE;
				CLANG_CXX_LANGUAGE_STANDARD = "gnu++17";
				CLANG_CXX_LIBRARY = "libc++";
				CLANG_ENABLE_MODULES = YES;
				CLANG_ENABLE_OBJC_ARC = YES;
				CLANG_ENABLE_OBJC_WEAK = YES;
				CLANG_WARN_BLOCK_CAPTURE_AUTORELEASING = YES;
				CLANG_WARN_BOOL_CONVERSION = YES;
				CLANG_WARN_COMMA = YES;
				CLANG_WARN_CONSTANT_CONVERSION = YES;
				CLANG_WARN_DEPRECATED_OBJC_IMPLEMENTATIONS = YES;
				CLANG_WARN_DIRECT_OBJC_ISA_USAGE = YES_ERROR;
				CLANG_WARN_DOCUMENTATION_COMMENTS = YES;
				CLANG_WARN_EMPTY_BODY = YES;
				CLANG_WARN_ENUM_CONVERSION = YES;
				CLANG_WARN_INFINITE_RECURSION = YES;
				CLANG_WARN_INT_CONVERSION = YES;
				CLANG_WARN_NON_LITERAL_NULL_CONVERSION = YES;
				CLANG_WARN_OBJC_IMPLICIT_RETAIN_SELF = YES;
				CLANG_WARN_OBJC_LITERAL_CONVERSION = YES;
				CLANG_WARN_OBJC_ROOT_CLASS = YES_ERROR;
				CLANG_WARN_QUOTED_INCLUDE_IN_FRAMEWORK_HEADER = YES;
				CLANG_WARN_RANGE_LOOP_ANALYSIS = YES;
				CLANG_WARN_STRICT_PROTOTYPES = YES;
				CLANG_WARN_SUSPICIOUS_MOVE = YES;
				CLANG_WARN_UNGUARDED_AVAILABILITY = YES_AGGRESSIVE;
				CLANG_WARN_UNREACHABLE_CODE = YES;
				CLANG_WARN__DUPLICATE_METHOD_MATCH = YES;
				COPY_PHASE_STRIP = NO;
				DEBUG_INFORMATION_FORMAT = "dwarf-with-dsym";
				ENABLE_NS_ASSERTIONS = NO;
				ENABLE_STRICT_OBJC_MSGSEND = YES;
				GCC_C_LANGUAGE_STANDARD = gnu11;
				GCC_NO_COMMON_BLOCKS = YES;
				GCC_WARN_64_TO_32_BIT_CONVERSION = YES;
				GCC_WARN_ABOUT_RETURN_TYPE = YES_ERROR;
				GCC_WARN_UNDECLARED_SELECTOR = YES;
				GCC_WARN_UNINITIALIZED_AUTOS = YES_AGGRESSIVE;
				GCC_WARN_UNUSED_FUNCTION = YES;
				GCC_WARN_UNUSED_VARIABLE = YES;
				IPHONEOS_DEPLOYMENT_TARGET = 15.0;
				MTL_ENABLE_DEBUG_INFO = NO;
				MTL_FAST_MATH = YES;
				SDKROOT = iphoneos;
				SWIFT_COMPILATION_MODE = wholemodule;
				SWIFT_OPTIMIZATION_LEVEL = "-O";
				VALIDATE_PRODUCT = YES;
			};
			name = Release;
		};
		35D182C427621E51003E72BC /* Debug */ = {
			isa = XCBuildConfiguration;
			buildSettings = {
				ASSETCATALOG_COMPILER_APPICON_NAME = AppIcon;
				ASSETCATALOG_COMPILER_GLOBAL_ACCENT_COLOR_NAME = AccentColor;
				CODE_SIGN_STYLE = Automatic;
				CURRENT_PROJECT_VERSION = 1;
				GENERATE_INFOPLIST_FILE = YES;
				INFOPLIST_FILE = ToDO/Info.plist;
				INFOPLIST_KEY_UIApplicationSupportsIndirectInputEvents = YES;
				INFOPLIST_KEY_UILaunchStoryboardName = LaunchScreen;
				INFOPLIST_KEY_UIMainStoryboardFile = Main;
				INFOPLIST_KEY_UISupportedInterfaceOrientations_iPad = "UIInterfaceOrientationPortrait UIInterfaceOrientationPortraitUpsideDown UIInterfaceOrientationLandscapeLeft UIInterfaceOrientationLandscapeRight";
				INFOPLIST_KEY_UISupportedInterfaceOrientations_iPhone = "UIInterfaceOrientationPortrait UIInterfaceOrientationLandscapeLeft UIInterfaceOrientationLandscapeRight";
				LD_RUNPATH_SEARCH_PATHS = (
					"$(inherited)",
					"@executable_path/Frameworks",
				);
				MARKETING_VERSION = 1.0;
				PRODUCT_BUNDLE_IDENTIFIER = com.tech42..ToDO;
				PRODUCT_NAME = "$(TARGET_NAME)";
				SWIFT_EMIT_LOC_STRINGS = YES;
				SWIFT_VERSION = 5.0;
				TARGETED_DEVICE_FAMILY = "1,2";
			};
			name = Debug;
		};
		35D182C527621E51003E72BC /* Release */ = {
			isa = XCBuildConfiguration;
			buildSettings = {
				ASSETCATALOG_COMPILER_APPICON_NAME = AppIcon;
				ASSETCATALOG_COMPILER_GLOBAL_ACCENT_COLOR_NAME = AccentColor;
				CODE_SIGN_STYLE = Automatic;
				CURRENT_PROJECT_VERSION = 1;
				GENERATE_INFOPLIST_FILE = YES;
				INFOPLIST_FILE = ToDO/Info.plist;
				INFOPLIST_KEY_UIApplicationSupportsIndirectInputEvents = YES;
				INFOPLIST_KEY_UILaunchStoryboardName = LaunchScreen;
				INFOPLIST_KEY_UIMainStoryboardFile = Main;
				INFOPLIST_KEY_UISupportedInterfaceOrientations_iPad = "UIInterfaceOrientationPortrait UIInterfaceOrientationPortraitUpsideDown UIInterfaceOrientationLandscapeLeft UIInterfaceOrientationLandscapeRight";
				INFOPLIST_KEY_UISupportedInterfaceOrientations_iPhone = "UIInterfaceOrientationPortrait UIInterfaceOrientationLandscapeLeft UIInterfaceOrientationLandscapeRight";
				LD_RUNPATH_SEARCH_PATHS = (
					"$(inherited)",
					"@executable_path/Frameworks",
				);
				MARKETING_VERSION = 1.0;
				PRODUCT_BUNDLE_IDENTIFIER = com.tech42..ToDO;
				PRODUCT_NAME = "$(TARGET_NAME)";
				SWIFT_EMIT_LOC_STRINGS = YES;
				SWIFT_VERSION = 5.0;
				TARGETED_DEVICE_FAMILY = "1,2";
			};
			name = Release;
		};
/* End XCBuildConfiguration section */

/* Begin XCConfigurationList section */
		35D182AA27621E4F003E72BC /* Build configuration list for PBXProject "ToDO" */ = {
			isa = XCConfigurationList;
			buildConfigurations = (
				35D182C127621E51003E72BC /* Debug */,
				35D182C227621E51003E72BC /* Release */,
			);
			defaultConfigurationIsVisible = 0;
			defaultConfigurationName = Release;
		};
		35D182C327621E51003E72BC /* Build configuration list for PBXNativeTarget "ToDO" */ = {
			isa = XCConfigurationList;
			buildConfigurations = (
				35D182C427621E51003E72BC /* Debug */,
				35D182C527621E51003E72BC /* Release */,
			);
			defaultConfigurationIsVisible = 0;
			defaultConfigurationName = Release;
		};
/* End XCConfigurationList section */
	};
	rootObject = 35D182A727621E4F003E72BC /* Project object */;
}
